PODS:
  - FBSnapshotTestCase (2.1.4):
    - FBSnapshotTestCase/SwiftSupport (= 2.1.4)
  - FBSnapshotTestCase/Core (2.1.4)
  - FBSnapshotTestCase/SwiftSupport (2.1.4):
    - FBSnapshotTestCase/Core
  - Tsunami_Test_Git_App (0.1.0)

DEPENDENCIES:
  - FBSnapshotTestCase (~> 2.1.4)
  - Tsunami_Test_Git_App (from `../`)

SPEC REPOS:
  trunk:
    - FBSnapshotTestCase

EXTERNAL SOURCES:
  Tsunami_Test_Git_App:
    :path: "../"

SPEC CHECKSUMS:
  FBSnapshotTestCase: 094f9f314decbabe373b87cc339bea235a63e07a
  Tsunami_Test_Git_App: ba9cfbe4e77614efb48a1ded760b6bae714c84b2

PODFILE CHECKSUM: e48dea1ecf79c6ba52a750b9651880a847585bd4

COCOAPODS: 1.11.2
